{
  "requires": true,
  "lockfileVersion": 1,
  "dependencies": {
    "rollup-plugin-tailwind": {
      "version": "1.0.0",
      "resolved": "https://registry.npmjs.org/rollup-plugin-tailwind/-/rollup-plugin-tailwind-1.0.0.tgz",
      "integrity": "sha512-JoyYSiDI980BB7ftYQruFwwQe2mJN3KxXc/Q4XPFmW06UjWJnQUB2wh5vtkG2/Gg5oN9FvQJf3cYuGZBW0XAfQ==",
      "dev": true
    }
  }
}
